{
  "name": "intro-to-javascript",
  "lockfileVersion": 3,
  "requires": true,
  "packages": {
    "": {
      "dependencies": {
        "nigerian-states-and-lgas": "^1.0.8"
      }
    },
    "node_modules/nigerian-states-and-lgas": {
      "version": "1.0.8",
      "resolved": "https://registry.npmjs.org/nigerian-states-and-lgas/-/nigerian-states-and-lgas-1.0.8.tgz",
      "integrity": "sha512-zfl5y+fXAvzfrGqKTDUx+U1/xus5MH1zR3UZTRbkNO5VGvanKgFcFRJ3ogQbYJytXNZn9t0PjLSk4D2BCvHDuw=="
    }
  }
}
